
Microsoft Visual Studio Solution File, Format Version 12.00
# Visual Studio 15
VisualStudioVersion = 15.0.28010.2036
MinimumVisualStudioVersion = 10.0.40219.1
Project("{FAE04EC0-301F-11D3-BF4B-00C04F79EFBC}") = "Petronomica", "Petronomica\Petronomica.csproj", "{B4B30955-B312-4DAC-98E3-8991A9D8ECD2}"
EndProject
Global
	GlobalSection(SolutionConfigurationPlatforms) = preSolution
		Debug|Any CPU = Debug|Any CPU
		Release|Any CPU = Release|Any CPU
	EndGlobalSection
	GlobalSection(ProjectConfigurationPlatforms) = postSolution
		{B4B30955-B312-4DAC-98E3-8991A9D8ECD2}.Debug|Any CPU.ActiveCfg = Debug|Any CPU
		{B4B30955-B312-4DAC-98E3-8991A9D8ECD2}.Debug|Any CPU.Build.0 = Debug|Any CPU
		{B4B30955-B312-4DAC-98E3-8991A9D8ECD2}.Release|Any CPU.ActiveCfg = Release|Any CPU
		{B4B30955-B312-4DAC-98E3-8991A9D8ECD2}.Release|Any CPU.Build.0 = Release|Any CPU
	EndGlobalSection
	GlobalSection(SolutionProperties) = preSolution
		HideSolutionNode = FALSE
	EndGlobalSection
	GlobalSection(ExtensibilityGlobals) = postSolution
		SolutionGuid = {CD1D84C1-B09C-44D6-A915-A9DA3EF3C2A1}
	EndGlobalSection
EndGlobal
