
Microsoft Visual Studio Solution File, Format Version 12.00
# Visual Studio 15
VisualStudioVersion = 15.0.28010.2036
MinimumVisualStudioVersion = 10.0.40219.1
Project("{9A19103F-16F7-4668-BE54-9A1E7A4F7556}") = "Petronomica", "Petronomica\Petronomica.csproj", "{E201E3D6-EBBA-49F6-9442-447A88D4D230}"
EndProject
Project("{9A19103F-16F7-4668-BE54-9A1E7A4F7556}") = "XUnitPetronomica", "XUnitPetronomica\XUnitPetronomica.csproj", "{37638248-BCF1-431F-9BFB-4C63F5501005}"
EndProject
Project("{9A19103F-16F7-4668-BE54-9A1E7A4F7556}") = "PetronomicaModels", "PetronomicaModels\PetronomicaModels.csproj", "{88BB86C6-9733-43DA-8AF6-8D7F17E48638}"
EndProject
Project("{9A19103F-16F7-4668-BE54-9A1E7A4F7556}") = "PetronomicaServices", "PetronomicaServices\PetronomicaServices.csproj", "{262D3221-F562-4BC2-BA3B-264D345A6135}"
EndProject
Project("{9A19103F-16F7-4668-BE54-9A1E7A4F7556}") = "SharedServices", "SharedServices\SharedServices.csproj", "{7367EF50-2456-4917-8C35-98C868F4CDFA}"
EndProject
Global
	GlobalSection(SolutionConfigurationPlatforms) = preSolution
		Debug|Any CPU = Debug|Any CPU
		Release|Any CPU = Release|Any CPU
	EndGlobalSection
	GlobalSection(ProjectConfigurationPlatforms) = postSolution
		{E201E3D6-EBBA-49F6-9442-447A88D4D230}.Debug|Any CPU.ActiveCfg = Debug|Any CPU
		{E201E3D6-EBBA-49F6-9442-447A88D4D230}.Debug|Any CPU.Build.0 = Debug|Any CPU
		{E201E3D6-EBBA-49F6-9442-447A88D4D230}.Release|Any CPU.ActiveCfg = Release|Any CPU
		{E201E3D6-EBBA-49F6-9442-447A88D4D230}.Release|Any CPU.Build.0 = Release|Any CPU
		{37638248-BCF1-431F-9BFB-4C63F5501005}.Debug|Any CPU.ActiveCfg = Debug|Any CPU
		{37638248-BCF1-431F-9BFB-4C63F5501005}.Debug|Any CPU.Build.0 = Debug|Any CPU
		{37638248-BCF1-431F-9BFB-4C63F5501005}.Release|Any CPU.ActiveCfg = Release|Any CPU
		{37638248-BCF1-431F-9BFB-4C63F5501005}.Release|Any CPU.Build.0 = Release|Any CPU
		{88BB86C6-9733-43DA-8AF6-8D7F17E48638}.Debug|Any CPU.ActiveCfg = Debug|Any CPU
		{88BB86C6-9733-43DA-8AF6-8D7F17E48638}.Debug|Any CPU.Build.0 = Debug|Any CPU
		{88BB86C6-9733-43DA-8AF6-8D7F17E48638}.Release|Any CPU.ActiveCfg = Release|Any CPU
		{88BB86C6-9733-43DA-8AF6-8D7F17E48638}.Release|Any CPU.Build.0 = Release|Any CPU
		{262D3221-F562-4BC2-BA3B-264D345A6135}.Debug|Any CPU.ActiveCfg = Debug|Any CPU
		{262D3221-F562-4BC2-BA3B-264D345A6135}.Debug|Any CPU.Build.0 = Debug|Any CPU
		{262D3221-F562-4BC2-BA3B-264D345A6135}.Release|Any CPU.ActiveCfg = Release|Any CPU
		{262D3221-F562-4BC2-BA3B-264D345A6135}.Release|Any CPU.Build.0 = Release|Any CPU
		{7367EF50-2456-4917-8C35-98C868F4CDFA}.Debug|Any CPU.ActiveCfg = Debug|Any CPU
		{7367EF50-2456-4917-8C35-98C868F4CDFA}.Debug|Any CPU.Build.0 = Debug|Any CPU
		{7367EF50-2456-4917-8C35-98C868F4CDFA}.Release|Any CPU.ActiveCfg = Release|Any CPU
		{7367EF50-2456-4917-8C35-98C868F4CDFA}.Release|Any CPU.Build.0 = Release|Any CPU
	EndGlobalSection
	GlobalSection(SolutionProperties) = preSolution
		HideSolutionNode = FALSE
	EndGlobalSection
	GlobalSection(ExtensibilityGlobals) = postSolution
		SolutionGuid = {5B9E1998-2EB3-4D43-878E-F5F48C2BAABD}
	EndGlobalSection
EndGlobal
